
Microsoft Visual Studio Solution File, Format Version 12.00
# Visual Studio Version 17
VisualStudioVersion = 17.3.32804.467
MinimumVisualStudioVersion = 10.0.40219.1
Project("{FAE04EC0-301F-11D3-BF4B-00C04F79EFBC}") = "CSharpCode", "CSharpCode\CSharpCode.csproj", "{0C23283D-D9BB-4FCA-AB91-A12E4E5E7DE8}"
EndProject
Global
	GlobalSection(SolutionConfigurationPlatforms) = preSolution
		Debug|Any CPU = Debug|Any CPU
		Release|Any CPU = Release|Any CPU
	EndGlobalSection
	GlobalSection(ProjectConfigurationPlatforms) = postSolution
		{0C23283D-D9BB-4FCA-AB91-A12E4E5E7DE8}.Debug|Any CPU.ActiveCfg = Debug|Any CPU
		{0C23283D-D9BB-4FCA-AB91-A12E4E5E7DE8}.Debug|Any CPU.Build.0 = Debug|Any CPU
		{0C23283D-D9BB-4FCA-AB91-A12E4E5E7DE8}.Release|Any CPU.ActiveCfg = Release|Any CPU
		{0C23283D-D9BB-4FCA-AB91-A12E4E5E7DE8}.Release|Any CPU.Build.0 = Release|Any CPU
	EndGlobalSection
	GlobalSection(SolutionProperties) = preSolution
		HideSolutionNode = FALSE
	EndGlobalSection
	GlobalSection(ExtensibilityGlobals) = postSolution
		SolutionGuid = {E2E8AEA5-F6D8-443C-A0FA-CBC7A7CCE6F5}
	EndGlobalSection
EndGlobal
